<?xml version="1.0" encoding="UTF-8" standalone="yes" ?>
<CodeBlocks_project_file>
	<FileVersion major="1" minor="6" />
	<Project>
		<Option title="DATALINK" />
		<Option pch_mode="2" />
		<Option compiler="gcc" />
		<Build>
			<Target title="Debug">
				<Option output="bin/Debug/DATALINK" prefix_auto="1" extension_auto="1" />
				<Option object_output="obj/Debug/" />
				<Option type="1" />
				<Option compiler="gcc" />
				<Compiler>
					<Add option="-g" />
				</Compiler>
				<Linker>
					<Add library="pthread" />
					<Add library="m" />
					<Add library="wiringPi" />
				</Linker>
			</Target>
			<Target title="Release">
				<Option output="bin/Release/DATALINK" prefix_auto="1" extension_auto="1" />
				<Option object_output="obj/Release/" />
				<Option type="1" />
				<Option compiler="gcc" />
				<Compiler>
					<Add option="-O2" />
				</Compiler>
				<Linker>
					<Add option="-s" />
				</Linker>
			</Target>
		</Build>
		<Compiler>
			<Add option="-Wall" />
		</Compiler>
		<Unit filename="AX25_interface.h" />
		<Unit filename="AX25_private.h" />
		<Unit filename="AX25_program.c">
			<Option compilerVar="CC" />
		</Unit>
		<Unit filename="BIT_MATH.h" />
		<Unit filename="CC1101_interface.h" />
		<Unit filename="CC1101_private.h" />
		<Unit filename="CC1101_program.c">
			<Option compilerVar="CC" />
		</Unit>
		<Unit filename="CCSDS_CLCWarrives.c">
			<Option compilerVar="CC" />
		</Unit>
		<Unit filename="CCSDS_FOP_ACTIONS_PROG.c">
			<Option compilerVar="CC" />
		</Unit>
		<Unit filename="CCSDS_FOP_INTERFACE.h" />
		<Unit filename="CCSDS_FOP_PRIVATE.h" />
		<Unit filename="CCSDS_FOP_PROG.c">
			<Option compilerVar="CC" />
		</Unit>
		<Unit filename="CCSDS_GROUND_SEGMENT_PROG.c">
			<Option compilerVar="CC" />
		</Unit>
		<Unit filename="CCSDS_Receive_Directive_from_mangement_function.c">
			<Option compilerVar="CC" />
		</Unit>
		<Unit filename="CCSDS_Receive_Request_to_Transfer_FDU.c">
			<Option compilerVar="CC" />
		</Unit>
		<Unit filename="CCSDS_Receive_Response_from_Lower_Layer.c">
			<Option compilerVar="CC" />
		</Unit>
		<Unit filename="CCSDS_Timer_Expires.c">
			<Option compilerVar="CC" />
		</Unit>
		<Unit filename="CRC_interface.h" />
		<Unit filename="CRC_program.c">
			<Option compilerVar="CC" />
		</Unit>
		<Unit filename="DATALINK_PROG.c">
			<Option compilerVar="CC" />
		</Unit>
		<Unit filename="DATALINK_interface.h" />
		<Unit filename="DATALINK_private.h" />
		<Unit filename="DL_flags.h" />
		<Unit filename="DL_interface.h" />
		<Unit filename="DL_private.h" />
		<Unit filename="DL_program.c">
			<Option compilerVar="CC" />
		</Unit>
		<Unit filename="GOLAY_DECODING_AND_CORRECT.c">
			<Option compilerVar="CC" />
		</Unit>
		<Unit filename="GOLAY_DECODING_AND_CORRECT.h" />
		<Unit filename="GOLAY_ENCODING.h" />
		<Unit filename="GULAY_ENCODING.c">
			<Option compilerVar="CC" />
		</Unit>
		<Unit filename="KISS_interface.h" />
		<Unit filename="KISS_private.h" />
		<Unit filename="MDL_flags.h" />
		<Unit filename="MDL_interface.h" />
		<Unit filename="MDL_private.h" />
		<Unit filename="MDL_program.c">
			<Option compilerVar="CC" />
		</Unit>
		<Unit filename="PRINT_interface.h" />
		<Unit filename="PRINT_program.c">
			<Option compilerVar="CC" />
		</Unit>
		<Unit filename="RANDOMIZER.h" />
		<Unit filename="RANDOMIZER_PROG.c">
			<Option compilerVar="CC" />
		</Unit>
		<Unit filename="RS_INTERFACE.h" />
		<Unit filename="RS_PRIVATE.h" />
		<Unit filename="RS_PROG.c">
			<Option compilerVar="CC" />
		</Unit>
		<Unit filename="STD_TYPES.h" />
		<Unit filename="Segmenter_flags.h" />
		<Unit filename="Segmenter_interface.h" />
		<Unit filename="Segmenter_private.h" />
		<Unit filename="Segmenter_program.c">
			<Option compilerVar="CC" />
		</Unit>
		<Unit filename="TIMER_general.c">
			<Option compilerVar="CC" />
		</Unit>
		<Unit filename="TIMER_general.h" />
		<Unit filename="Timer_flags.h" />
		<Unit filename="Timer_interface.h" />
		<Unit filename="Timer_program.c">
			<Option compilerVar="CC" />
		</Unit>
		<Unit filename="UART.c">
			<Option compilerVar="CC" />
		</Unit>
		<Unit filename="UART.h" />
		<Unit filename="construct_transmitted_KISS_frame.c">
			<Option compilerVar="CC" />
		</Unit>
		<Unit filename="deframing_received_KISS_frame.c">
			<Option compilerVar="CC" />
		</Unit>
		<Unit filename="main.c">
			<Option compilerVar="CC" />
		</Unit>
		<Extensions />
	</Project>
</CodeBlocks_project_file>
